// !$*UTF8*$!
{
	archiveVersion = 1;
	classes = {
	};
	objectVersion = 55;
	objects = {

/* Begin PBXBuildFile section */
		06102761289D4CC90071C29A /* RollingCounter.swift in Sources */ = {isa = PBXBuildFile; fileRef = 06102760289D4CC90071C29A /* RollingCounter.swift */; };
		0646471F285291AE00711D0B /* SwiftSMC.swift in Sources */ = {isa = PBXBuildFile; fileRef = 0646471E285291AE00711D0B /* SwiftSMC.swift */; };
		064647212852984900711D0B /* SMCStructure.swift in Sources */ = {isa = PBXBuildFile; fileRef = 064647202852984900711D0B /* SMCStructure.swift */; };
		06464723285298A500711D0B /* String+Extension.swift in Sources */ = {isa = PBXBuildFile; fileRef = 06464722285298A500711D0B /* String+Extension.swift */; };
		064647252852A25F00711D0B /* Sensor.swift in Sources */ = {isa = PBXBuildFile; fileRef = 064647242852A25F00711D0B /* Sensor.swift */; };
		064FF4B328526A1C000F46A9 /* HeatControlApp.swift in Sources */ = {isa = PBXBuildFile; fileRef = 064FF4B228526A1C000F46A9 /* HeatControlApp.swift */; };
		064FF4B528526A1C000F46A9 /* MonitorView.swift in Sources */ = {isa = PBXBuildFile; fileRef = 064FF4B428526A1C000F46A9 /* MonitorView.swift */; };
		064FF4B728526A1E000F46A9 /* Assets.xcassets in Resources */ = {isa = PBXBuildFile; fileRef = 064FF4B628526A1E000F46A9 /* Assets.xcassets */; };
		064FF4BA28526A1E000F46A9 /* Preview Assets.xcassets in Resources */ = {isa = PBXBuildFile; fileRef = 064FF4B928526A1E000F46A9 /* Preview Assets.xcassets */; };
		06BAF2BA28A9169800C693DE /* MonitorViewModel.swift in Sources */ = {isa = PBXBuildFile; fileRef = 06BAF2B928A9169800C693DE /* MonitorViewModel.swift */; };
/* End PBXBuildFile section */

/* Begin PBXFileReference section */
		06102760289D4CC90071C29A /* RollingCounter.swift */ = {isa = PBXFileReference; lastKnownFileType = sourcecode.swift; path = RollingCounter.swift; sourceTree = "<group>"; };
		0646471E285291AE00711D0B /* SwiftSMC.swift */ = {isa = PBXFileReference; lastKnownFileType = sourcecode.swift; path = SwiftSMC.swift; sourceTree = "<group>"; };
		064647202852984900711D0B /* SMCStructure.swift */ = {isa = PBXFileReference; lastKnownFileType = sourcecode.swift; path = SMCStructure.swift; sourceTree = "<group>"; };
		06464722285298A500711D0B /* String+Extension.swift */ = {isa = PBXFileReference; lastKnownFileType = sourcecode.swift; path = "String+Extension.swift"; sourceTree = "<group>"; };
		064647242852A25F00711D0B /* Sensor.swift */ = {isa = PBXFileReference; lastKnownFileType = sourcecode.swift; path = Sensor.swift; sourceTree = "<group>"; };
		064FF4AF28526A1C000F46A9 /* HeatControl.app */ = {isa = PBXFileReference; explicitFileType = wrapper.application; includeInIndex = 0; path = HeatControl.app; sourceTree = BUILT_PRODUCTS_DIR; };
		064FF4B228526A1C000F46A9 /* HeatControlApp.swift */ = {isa = PBXFileReference; lastKnownFileType = sourcecode.swift; path = HeatControlApp.swift; sourceTree = "<group>"; };
		064FF4B428526A1C000F46A9 /* MonitorView.swift */ = {isa = PBXFileReference; lastKnownFileType = sourcecode.swift; path = MonitorView.swift; sourceTree = "<group>"; };
		064FF4B628526A1E000F46A9 /* Assets.xcassets */ = {isa = PBXFileReference; lastKnownFileType = folder.assetcatalog; path = Assets.xcassets; sourceTree = "<group>"; };
		064FF4B928526A1E000F46A9 /* Preview Assets.xcassets */ = {isa = PBXFileReference; lastKnownFileType = folder.assetcatalog; path = "Preview Assets.xcassets"; sourceTree = "<group>"; };
		064FF4BB28526A1E000F46A9 /* HeatControl.entitlements */ = {isa = PBXFileReference; lastKnownFileType = text.plist.entitlements; path = HeatControl.entitlements; sourceTree = "<group>"; };
		064FF4C12852701E000F46A9 /* Info.plist */ = {isa = PBXFileReference; lastKnownFileType = text.plist.xml; path = Info.plist; sourceTree = "<group>"; };
		06BAF2B928A9169800C693DE /* MonitorViewModel.swift */ = {isa = PBXFileReference; lastKnownFileType = sourcecode.swift; path = MonitorViewModel.swift; sourceTree = "<group>"; };
/* End PBXFileReference section */

/* Begin PBXFrameworksBuildPhase section */
		064FF4AC28526A1C000F46A9 /* Frameworks */ = {
			isa = PBXFrameworksBuildPhase;
			buildActionMask = 2147483647;
			files = (
			);
			runOnlyForDeploymentPostprocessing = 0;
		};
/* End PBXFrameworksBuildPhase section */

/* Begin PBXGroup section */
		064FF4A628526A1C000F46A9 = {
			isa = PBXGroup;
			children = (
				064FF4B128526A1C000F46A9 /* HeatControl */,
				064FF4B028526A1C000F46A9 /* Products */,
			);
			sourceTree = "<group>";
		};
		064FF4B028526A1C000F46A9 /* Products */ = {
			isa = PBXGroup;
			children = (
				064FF4AF28526A1C000F46A9 /* HeatControl.app */,
			);
			name = Products;
			sourceTree = "<group>";
		};
		064FF4B128526A1C000F46A9 /* HeatControl */ = {
			isa = PBXGroup;
			children = (
				06BAF2B628A9150A00C693DE /* Application */,
				06BAF2B728A9154200C693DE /* Views */,
				06BAF2B428A913FE00C693DE /* Resources */,
				064FF4B828526A1E000F46A9 /* Preview Content */,
				06BAF2B328A912EF00C693DE /* SMC */,
			);
			path = HeatControl;
			sourceTree = "<group>";
		};
		064FF4B828526A1E000F46A9 /* Preview Content */ = {
			isa = PBXGroup;
			children = (
				064FF4B928526A1E000F46A9 /* Preview Assets.xcassets */,
			);
			path = "Preview Content";
			sourceTree = "<group>";
		};
		06BAF2B328A912EF00C693DE /* SMC */ = {
			isa = PBXGroup;
			children = (
				064647242852A25F00711D0B /* Sensor.swift */,
				064647202852984900711D0B /* SMCStructure.swift */,
				06464722285298A500711D0B /* String+Extension.swift */,
				0646471E285291AE00711D0B /* SwiftSMC.swift */,
			);
			path = SMC;
			sourceTree = "<group>";
		};
		06BAF2B428A913FE00C693DE /* Resources */ = {
			isa = PBXGroup;
			children = (
				064FF4B628526A1E000F46A9 /* Assets.xcassets */,
				064FF4BB28526A1E000F46A9 /* HeatControl.entitlements */,
				064FF4C12852701E000F46A9 /* Info.plist */,
			);
			path = Resources;
			sourceTree = "<group>";
		};
		06BAF2B628A9150A00C693DE /* Application */ = {
			isa = PBXGroup;
			children = (
				064FF4B428526A1C000F46A9 /* MonitorView.swift */,
				064FF4B228526A1C000F46A9 /* HeatControlApp.swift */,
				06BAF2B928A9169800C693DE /* MonitorViewModel.swift */,
			);
			path = Application;
			sourceTree = "<group>";
		};
		06BAF2B728A9154200C693DE /* Views */ = {
			isa = PBXGroup;
			children = (
				06102760289D4CC90071C29A /* RollingCounter.swift */,
			);
			path = Views;
			sourceTree = "<group>";
		};
/* End PBXGroup section */

/* Begin PBXNativeTarget section */
		064FF4AE28526A1C000F46A9 /* HeatControl */ = {
			isa = PBXNativeTarget;
			buildConfigurationList = 064FF4BE28526A1E000F46A9 /* Build configuration list for PBXNativeTarget "HeatControl" */;
			buildPhases = (
				064FF4AB28526A1C000F46A9 /* Sources */,
				064FF4AC28526A1C000F46A9 /* Frameworks */,
				064FF4AD28526A1C000F46A9 /* Resources */,
			);
			buildRules = (
			);
			dependencies = (
			);
			name = HeatControl;
			productName = HeatControl;
			productReference = 064FF4AF28526A1C000F46A9 /* HeatControl.app */;
			productType = "com.apple.product-type.application";
		};
/* End PBXNativeTarget section */

/* Begin PBXProject section */
		064FF4A728526A1C000F46A9 /* Project object */ = {
			isa = PBXProject;
			attributes = {
				BuildIndependentTargetsInParallel = NO;
				LastSwiftUpdateCheck = 1340;
				LastUpgradeCheck = 1340;
				TargetAttributes = {
					064FF4AE28526A1C000F46A9 = {
						CreatedOnToolsVersion = 13.4;
						LastSwiftMigration = 1320;
					};
				};
			};
			buildConfigurationList = 064FF4AA28526A1C000F46A9 /* Build configuration list for PBXProject "HeatControl" */;
			compatibilityVersion = "Xcode 13.0";
			developmentRegion = en;
			hasScannedForEncodings = 0;
			knownRegions = (
				en,
				Base,
			);
			mainGroup = 064FF4A628526A1C000F46A9;
			productRefGroup = 064FF4B028526A1C000F46A9 /* Products */;
			projectDirPath = "";
			projectRoot = "";
			targets = (
				064FF4AE28526A1C000F46A9 /* HeatControl */,
			);
		};
/* End PBXProject section */

/* Begin PBXResourcesBuildPhase section */
		064FF4AD28526A1C000F46A9 /* Resources */ = {
			isa = PBXResourcesBuildPhase;
			buildActionMask = 2147483647;
			files = (
				064FF4BA28526A1E000F46A9 /* Preview Assets.xcassets in Resources */,
				064FF4B728526A1E000F46A9 /* Assets.xcassets in Resources */,
			);
			runOnlyForDeploymentPostprocessing = 0;
		};
/* End PBXResourcesBuildPhase section */

/* Begin PBXSourcesBuildPhase section */
		064FF4AB28526A1C000F46A9 /* Sources */ = {
			isa = PBXSourcesBuildPhase;
			buildActionMask = 2147483647;
			files = (
				064647252852A25F00711D0B /* Sensor.swift in Sources */,
				06464723285298A500711D0B /* String+Extension.swift in Sources */,
				064FF4B528526A1C000F46A9 /* MonitorView.swift in Sources */,
				064647212852984900711D0B /* SMCStructure.swift in Sources */,
				064FF4B328526A1C000F46A9 /* HeatControlApp.swift in Sources */,
				06BAF2BA28A9169800C693DE /* MonitorViewModel.swift in Sources */,
				06102761289D4CC90071C29A /* RollingCounter.swift in Sources */,
				0646471F285291AE00711D0B /* SwiftSMC.swift in Sources */,
			);
			runOnlyForDeploymentPostprocessing = 0;
		};
/* End PBXSourcesBuildPhase section */

/* Begin XCBuildConfiguration section */
		064FF4BC28526A1E000F46A9 /* Debug */ = {
			isa = XCBuildConfiguration;
			buildSettings = {
				ALWAYS_SEARCH_USER_PATHS = NO;
				CLANG_ANALYZER_NONNULL = YES;
				CLANG_ANALYZER_NUMBER_OBJECT_CONVERSION = YES_AGGRESSIVE;
				CLANG_CXX_LANGUAGE_STANDARD = "gnu++17";
				CLANG_ENABLE_MODULES = YES;
				CLANG_ENABLE_OBJC_ARC = YES;
				CLANG_ENABLE_OBJC_WEAK = YES;
				CLANG_WARN_BLOCK_CAPTURE_AUTORELEASING = YES;
				CLANG_WARN_BOOL_CONVERSION = YES;
				CLANG_WARN_COMMA = YES;
				CLANG_WARN_CONSTANT_CONVERSION = YES;
				CLANG_WARN_DEPRECATED_OBJC_IMPLEMENTATIONS = YES;
				CLANG_WARN_DIRECT_OBJC_ISA_USAGE = YES_ERROR;
				CLANG_WARN_DOCUMENTATION_COMMENTS = YES;
				CLANG_WARN_EMPTY_BODY = YES;
				CLANG_WARN_ENUM_CONVERSION = YES;
				CLANG_WARN_INFINITE_RECURSION = YES;
				CLANG_WARN_INT_CONVERSION = YES;
				CLANG_WARN_NON_LITERAL_NULL_CONVERSION = YES;
				CLANG_WARN_OBJC_IMPLICIT_RETAIN_SELF = YES;
				CLANG_WARN_OBJC_LITERAL_CONVERSION = YES;
				CLANG_WARN_OBJC_ROOT_CLASS = YES_ERROR;
				CLANG_WARN_QUOTED_INCLUDE_IN_FRAMEWORK_HEADER = YES;
				CLANG_WARN_RANGE_LOOP_ANALYSIS = YES;
				CLANG_WARN_STRICT_PROTOTYPES = YES;
				CLANG_WARN_SUSPICIOUS_MOVE = YES;
				CLANG_WARN_UNGUARDED_AVAILABILITY = YES_AGGRESSIVE;
				CLANG_WARN_UNREACHABLE_CODE = YES;
				CLANG_WARN__DUPLICATE_METHOD_MATCH = YES;
				CODE_SIGN_IDENTITY = "Mac Developer";
				COPY_PHASE_STRIP = NO;
				DEBUG_INFORMATION_FORMAT = dwarf;
				ENABLE_STRICT_OBJC_MSGSEND = YES;
				ENABLE_TESTABILITY = YES;
				GCC_C_LANGUAGE_STANDARD = gnu11;
				GCC_DYNAMIC_NO_PIC = NO;
				GCC_NO_COMMON_BLOCKS = YES;
				GCC_OPTIMIZATION_LEVEL = 0;
				GCC_PREPROCESSOR_DEFINITIONS = (
					"DEBUG=1",
					"$(inherited)",
				);
				GCC_WARN_64_TO_32_BIT_CONVERSION = YES;
				GCC_WARN_ABOUT_RETURN_TYPE = YES_ERROR;
				GCC_WARN_UNDECLARED_SELECTOR = YES;
				GCC_WARN_UNINITIALIZED_AUTOS = YES_AGGRESSIVE;
				GCC_WARN_UNUSED_FUNCTION = YES;
				GCC_WARN_UNUSED_VARIABLE = YES;
				MACOSX_DEPLOYMENT_TARGET = 12.2;
				MTL_ENABLE_DEBUG_INFO = INCLUDE_SOURCE;
				MTL_FAST_MATH = YES;
				ONLY_ACTIVE_ARCH = YES;
				SDKROOT = macosx;
				SWIFT_ACTIVE_COMPILATION_CONDITIONS = DEBUG;
				SWIFT_OPTIMIZATION_LEVEL = "-Onone";
			};
			name = Debug;
		};
		064FF4BD28526A1E000F46A9 /* Release */ = {
			isa = XCBuildConfiguration;
			buildSettings = {
				ALWAYS_SEARCH_USER_PATHS = NO;
				CLANG_ANALYZER_NONNULL = YES;
				CLANG_ANALYZER_NUMBER_OBJECT_CONVERSION = YES_AGGRESSIVE;
				CLANG_CXX_LANGUAGE_STANDARD = "gnu++17";
				CLANG_ENABLE_MODULES = YES;
				CLANG_ENABLE_OBJC_ARC = YES;
				CLANG_ENABLE_OBJC_WEAK = YES;
				CLANG_WARN_BLOCK_CAPTURE_AUTORELEASING = YES;
				CLANG_WARN_BOOL_CONVERSION = YES;
				CLANG_WARN_COMMA = YES;
				CLANG_WARN_CONSTANT_CONVERSION = YES;
				CLANG_WARN_DEPRECATED_OBJC_IMPLEMENTATIONS = YES;
				CLANG_WARN_DIRECT_OBJC_ISA_USAGE = YES_ERROR;
				CLANG_WARN_DOCUMENTATION_COMMENTS = YES;
				CLANG_WARN_EMPTY_BODY = YES;
				CLANG_WARN_ENUM_CONVERSION = YES;
				CLANG_WARN_INFINITE_RECURSION = YES;
				CLANG_WARN_INT_CONVERSION = YES;
				CLANG_WARN_NON_LITERAL_NULL_CONVERSION = YES;
				CLANG_WARN_OBJC_IMPLICIT_RETAIN_SELF = YES;
				CLANG_WARN_OBJC_LITERAL_CONVERSION = YES;
				CLANG_WARN_OBJC_ROOT_CLASS = YES_ERROR;
				CLANG_WARN_QUOTED_INCLUDE_IN_FRAMEWORK_HEADER = YES;
				CLANG_WARN_RANGE_LOOP_ANALYSIS = YES;
				CLANG_WARN_STRICT_PROTOTYPES = YES;
				CLANG_WARN_SUSPICIOUS_MOVE = YES;
				CLANG_WARN_UNGUARDED_AVAILABILITY = YES_AGGRESSIVE;
				CLANG_WARN_UNREACHABLE_CODE = YES;
				CLANG_WARN__DUPLICATE_METHOD_MATCH = YES;
				CODE_SIGN_IDENTITY = "Mac Developer";
				COPY_PHASE_STRIP = NO;
				DEBUG_INFORMATION_FORMAT = "dwarf-with-dsym";
				ENABLE_NS_ASSERTIONS = NO;
				ENABLE_STRICT_OBJC_MSGSEND = YES;
				GCC_C_LANGUAGE_STANDARD = gnu11;
				GCC_NO_COMMON_BLOCKS = YES;
				GCC_WARN_64_TO_32_BIT_CONVERSION = YES;
				GCC_WARN_ABOUT_RETURN_TYPE = YES_ERROR;
				GCC_WARN_UNDECLARED_SELECTOR = YES;
				GCC_WARN_UNINITIALIZED_AUTOS = YES_AGGRESSIVE;
				GCC_WARN_UNUSED_FUNCTION = YES;
				GCC_WARN_UNUSED_VARIABLE = YES;
				MACOSX_DEPLOYMENT_TARGET = 12.2;
				MTL_ENABLE_DEBUG_INFO = NO;
				MTL_FAST_MATH = YES;
				SDKROOT = macosx;
				SWIFT_COMPILATION_MODE = wholemodule;
				SWIFT_OPTIMIZATION_LEVEL = "-O";
			};
			name = Release;
		};
		064FF4BF28526A1E000F46A9 /* Debug */ = {
			isa = XCBuildConfiguration;
			buildSettings = {
				ASSETCATALOG_COMPILER_APPICON_NAME = AppIcon;
				ASSETCATALOG_COMPILER_GLOBAL_ACCENT_COLOR_NAME = AccentColor;
				CLANG_ENABLE_MODULES = YES;
				CODE_SIGN_ENTITLEMENTS = HeatControl/Resources/HeatControl.entitlements;
				CODE_SIGN_IDENTITY = "Apple Development";
				CODE_SIGN_STYLE = Automatic;
				COMBINE_HIDPI_IMAGES = YES;
				CURRENT_PROJECT_VERSION = 1;
				DEVELOPMENT_ASSET_PATHS = "\"HeatControl/Preview Content\"";
				DEVELOPMENT_TEAM = 68W5DTBSDK;
				ENABLE_HARDENED_RUNTIME = YES;
				ENABLE_PREVIEWS = YES;
				GENERATE_INFOPLIST_FILE = YES;
				INFOPLIST_FILE = HeatControl/Resources/Info.plist;
				INFOPLIST_KEY_NSHumanReadableCopyright = "";
				LD_RUNPATH_SEARCH_PATHS = (
					"$(inherited)",
					"@executable_path/../Frameworks",
				);
				MARKETING_VERSION = 1.0;
				PRODUCT_BUNDLE_IDENTIFIER = app.HeatControl;
				PRODUCT_NAME = "$(TARGET_NAME)";
				SWIFT_EMIT_LOC_STRINGS = YES;
				SWIFT_OBJC_BRIDGING_HEADER = "";
				SWIFT_OPTIMIZATION_LEVEL = "-Onone";
				SWIFT_VERSION = 5.0;
			};
			name = Debug;
		};
		064FF4C028526A1E000F46A9 /* Release */ = {
			isa = XCBuildConfiguration;
			buildSettings = {
				ASSETCATALOG_COMPILER_APPICON_NAME = AppIcon;
				ASSETCATALOG_COMPILER_GLOBAL_ACCENT_COLOR_NAME = AccentColor;
				CLANG_ENABLE_MODULES = YES;
				CODE_SIGN_ENTITLEMENTS = HeatControl/Resources/HeatControl.entitlements;
				CODE_SIGN_IDENTITY = "Apple Development";
				CODE_SIGN_STYLE = Automatic;
				COMBINE_HIDPI_IMAGES = YES;
				CURRENT_PROJECT_VERSION = 1;
				DEVELOPMENT_ASSET_PATHS = "\"HeatControl/Preview Content\"";
				DEVELOPMENT_TEAM = 68W5DTBSDK;
				ENABLE_HARDENED_RUNTIME = YES;
				ENABLE_PREVIEWS = YES;
				GENERATE_INFOPLIST_FILE = YES;
				INFOPLIST_FILE = HeatControl/Resources/Info.plist;
				INFOPLIST_KEY_NSHumanReadableCopyright = "";
				LD_RUNPATH_SEARCH_PATHS = (
					"$(inherited)",
					"@executable_path/../Frameworks",
				);
				MARKETING_VERSION = 1.0;
				PRODUCT_BUNDLE_IDENTIFIER = app.HeatControl;
				PRODUCT_NAME = "$(TARGET_NAME)";
				SWIFT_EMIT_LOC_STRINGS = YES;
				SWIFT_OBJC_BRIDGING_HEADER = "";
				SWIFT_VERSION = 5.0;
			};
			name = Release;
		};
/* End XCBuildConfiguration section */

/* Begin XCConfigurationList section */
		064FF4AA28526A1C000F46A9 /* Build configuration list for PBXProject "HeatControl" */ = {
			isa = XCConfigurationList;
			buildConfigurations = (
				064FF4BC28526A1E000F46A9 /* Debug */,
				064FF4BD28526A1E000F46A9 /* Release */,
			);
			defaultConfigurationIsVisible = 0;
			defaultConfigurationName = Release;
		};
		064FF4BE28526A1E000F46A9 /* Build configuration list for PBXNativeTarget "HeatControl" */ = {
			isa = XCConfigurationList;
			buildConfigurations = (
				064FF4BF28526A1E000F46A9 /* Debug */,
				064FF4C028526A1E000F46A9 /* Release */,
			);
			defaultConfigurationIsVisible = 0;
			defaultConfigurationName = Release;
		};
/* End XCConfigurationList section */
	};
	rootObject = 064FF4A728526A1C000F46A9 /* Project object */;
}
